
Microsoft Visual Studio Solution File, Format Version 12.00
# Visual Studio 15
VisualStudioVersion = 15.0.27703.2042
MinimumVisualStudioVersion = 10.0.40219.1
Project("{FAE04EC0-301F-11D3-BF4B-00C04F79EFBC}") = "ZPLNetPrinter", "ZPLNetPrinter\ZPLNetPrinter.csproj", "{2A5A5216-1885-440F-AA7D-80763235B684}"
EndProject
Global
	GlobalSection(SolutionConfigurationPlatforms) = preSolution
		Debug|Any CPU = Debug|Any CPU
		Release|Any CPU = Release|Any CPU
	EndGlobalSection
	GlobalSection(ProjectConfigurationPlatforms) = postSolution
		{2A5A5216-1885-440F-AA7D-80763235B684}.Debug|Any CPU.ActiveCfg = Debug|Any CPU
		{2A5A5216-1885-440F-AA7D-80763235B684}.Debug|Any CPU.Build.0 = Debug|Any CPU
		{2A5A5216-1885-440F-AA7D-80763235B684}.Release|Any CPU.ActiveCfg = Release|Any CPU
		{2A5A5216-1885-440F-AA7D-80763235B684}.Release|Any CPU.Build.0 = Release|Any CPU
	EndGlobalSection
	GlobalSection(SolutionProperties) = preSolution
		HideSolutionNode = FALSE
	EndGlobalSection
	GlobalSection(ExtensibilityGlobals) = postSolution
		SolutionGuid = {FFA399A1-A94E-4C44-B990-461F55CD4ED2}
	EndGlobalSection
EndGlobal
